
Microsoft Visual Studio Solution File, Format Version 12.00
# Visual Studio 15
Project("{FAE04EC0-301F-11D3-BF4B-00C04F79EFBC}") = "Bands.Server.Api", "Server\Bands.Server\Bands.Server.Api.csproj", "{807C3C8B-38B3-4277-8AF4-667810FF2CCC}"
EndProject
Project("{FAE04EC0-301F-11D3-BF4B-00C04F79EFBC}") = "Bands.Server.Data", "Server\Bands.Server.Data\Bands.Server.Data.csproj", "{766B70F3-AD5B-4048-8444-434CCC27BC9A}"
EndProject
Project("{FAE04EC0-301F-11D3-BF4B-00C04F79EFBC}") = "Bands.Server.Infrastructure", "Server\Bands.Server.Infrastructure\Bands.Server.Infrastructure.csproj", "{A3B7BFF9-67D1-45F2-BCC8-C55A174D330B}"
EndProject
Project("{FAE04EC0-301F-11D3-BF4B-00C04F79EFBC}") = "Bands.Server.Models", "Server\Bands.Server.Domains\Bands.Server.Models.csproj", "{B02C9ADD-BE71-401A-9FA6-9C18797FB1B7}"
EndProject
Project("{2150E333-8FDC-42A3-9474-1A3956D46DE8}") = "src", "src", "{C1A690D9-0580-4B8A-8819-A4CC2E82FC26}"
EndProject
Global
	GlobalSection(SolutionConfigurationPlatforms) = preSolution
		Debug|Any CPU = Debug|Any CPU
		Release|Any CPU = Release|Any CPU
	EndGlobalSection
	GlobalSection(ProjectConfigurationPlatforms) = postSolution
		{807C3C8B-38B3-4277-8AF4-667810FF2CCC}.Debug|Any CPU.ActiveCfg = Debug|Any CPU
		{807C3C8B-38B3-4277-8AF4-667810FF2CCC}.Debug|Any CPU.Build.0 = Debug|Any CPU
		{807C3C8B-38B3-4277-8AF4-667810FF2CCC}.Release|Any CPU.ActiveCfg = Release|Any CPU
		{807C3C8B-38B3-4277-8AF4-667810FF2CCC}.Release|Any CPU.Build.0 = Release|Any CPU
		{766B70F3-AD5B-4048-8444-434CCC27BC9A}.Debug|Any CPU.ActiveCfg = Debug|Any CPU
		{766B70F3-AD5B-4048-8444-434CCC27BC9A}.Debug|Any CPU.Build.0 = Debug|Any CPU
		{766B70F3-AD5B-4048-8444-434CCC27BC9A}.Release|Any CPU.ActiveCfg = Release|Any CPU
		{766B70F3-AD5B-4048-8444-434CCC27BC9A}.Release|Any CPU.Build.0 = Release|Any CPU
		{A3B7BFF9-67D1-45F2-BCC8-C55A174D330B}.Debug|Any CPU.ActiveCfg = Debug|Any CPU
		{A3B7BFF9-67D1-45F2-BCC8-C55A174D330B}.Debug|Any CPU.Build.0 = Debug|Any CPU
		{A3B7BFF9-67D1-45F2-BCC8-C55A174D330B}.Release|Any CPU.ActiveCfg = Release|Any CPU
		{A3B7BFF9-67D1-45F2-BCC8-C55A174D330B}.Release|Any CPU.Build.0 = Release|Any CPU
		{B02C9ADD-BE71-401A-9FA6-9C18797FB1B7}.Debug|Any CPU.ActiveCfg = Debug|Any CPU
		{B02C9ADD-BE71-401A-9FA6-9C18797FB1B7}.Debug|Any CPU.Build.0 = Debug|Any CPU
		{B02C9ADD-BE71-401A-9FA6-9C18797FB1B7}.Release|Any CPU.ActiveCfg = Release|Any CPU
		{B02C9ADD-BE71-401A-9FA6-9C18797FB1B7}.Release|Any CPU.Build.0 = Release|Any CPU
	EndGlobalSection
	GlobalSection(NestedProjects) = preSolution
		{807C3C8B-38B3-4277-8AF4-667810FF2CCC} = {C1A690D9-0580-4B8A-8819-A4CC2E82FC26}
		{766B70F3-AD5B-4048-8444-434CCC27BC9A} = {C1A690D9-0580-4B8A-8819-A4CC2E82FC26}
		{A3B7BFF9-67D1-45F2-BCC8-C55A174D330B} = {C1A690D9-0580-4B8A-8819-A4CC2E82FC26}
		{B02C9ADD-BE71-401A-9FA6-9C18797FB1B7} = {C1A690D9-0580-4B8A-8819-A4CC2E82FC26}
	EndGlobalSection
EndGlobal
